
Microsoft Visual Studio Solution File, Format Version 12.00
# Visual Studio Version 16
VisualStudioVersion = 16.0.29215.179
MinimumVisualStudioVersion = 10.0.40219.1
Project("{FAE04EC0-301F-11D3-BF4B-00C04F79EFBC}") = "WebApplication1", "WebApplication1\WebApplication1.csproj", "{8B283E5E-EA4B-4E6E-9F56-500628C8FFA3}"
EndProject
Global
	GlobalSection(SolutionConfigurationPlatforms) = preSolution
		Debug|Any CPU = Debug|Any CPU
		Release|Any CPU = Release|Any CPU
	EndGlobalSection
	GlobalSection(ProjectConfigurationPlatforms) = postSolution
		{8B283E5E-EA4B-4E6E-9F56-500628C8FFA3}.Debug|Any CPU.ActiveCfg = Debug|Any CPU
		{8B283E5E-EA4B-4E6E-9F56-500628C8FFA3}.Debug|Any CPU.Build.0 = Debug|Any CPU
		{8B283E5E-EA4B-4E6E-9F56-500628C8FFA3}.Release|Any CPU.ActiveCfg = Release|Any CPU
		{8B283E5E-EA4B-4E6E-9F56-500628C8FFA3}.Release|Any CPU.Build.0 = Release|Any CPU
	EndGlobalSection
	GlobalSection(SolutionProperties) = preSolution
		HideSolutionNode = FALSE
	EndGlobalSection
	GlobalSection(ExtensibilityGlobals) = postSolution
		SolutionGuid = {FC38CC91-FCB9-4C18-9143-8932287FB6FD}
	EndGlobalSection
EndGlobal
